
Microsoft Visual Studio Solution File, Format Version 12.00
# Visual Studio Version 17
VisualStudioVersion = 17.11.35312.102
MinimumVisualStudioVersion = 10.0.40219.1
Project("{FAE04EC0-301F-11D3-BF4B-00C04F79EFBC}") = "MVW_Proyecto_Mesas_Comida", "MVW_Proyecto_Mesas_Comida.csproj", "{AE2BC9B8-D72E-4CAA-8725-05419A3B2BD6}"
EndProject
Global
	GlobalSection(SolutionConfigurationPlatforms) = preSolution
		Debug|Any CPU = Debug|Any CPU
		Release|Any CPU = Release|Any CPU
	EndGlobalSection
	GlobalSection(ProjectConfigurationPlatforms) = postSolution
		{AE2BC9B8-D72E-4CAA-8725-05419A3B2BD6}.Debug|Any CPU.ActiveCfg = Debug|Any CPU
		{AE2BC9B8-D72E-4CAA-8725-05419A3B2BD6}.Debug|Any CPU.Build.0 = Debug|Any CPU
		{AE2BC9B8-D72E-4CAA-8725-05419A3B2BD6}.Release|Any CPU.ActiveCfg = Release|Any CPU
		{AE2BC9B8-D72E-4CAA-8725-05419A3B2BD6}.Release|Any CPU.Build.0 = Release|Any CPU
	EndGlobalSection
	GlobalSection(SolutionProperties) = preSolution
		HideSolutionNode = FALSE
	EndGlobalSection
	GlobalSection(ExtensibilityGlobals) = postSolution
		SolutionGuid = {8E17CD47-B293-42AE-B74B-D9D9C806C947}
	EndGlobalSection
EndGlobal
